
Microsoft Visual Studio Solution File, Format Version 12.00
# Visual Studio Version 17
VisualStudioVersion = 17.7.34018.315
MinimumVisualStudioVersion = 10.0.40219.1
Project("{FAE04EC0-301F-11D3-BF4B-00C04F79EFBC}") = "LoginPage", "LoginPage\LoginPage.csproj", "{A13C7319-0E7F-47F3-9047-C631205CBFDC}"
EndProject
Global
	GlobalSection(SolutionConfigurationPlatforms) = preSolution
		Debug|Any CPU = Debug|Any CPU
		Release|Any CPU = Release|Any CPU
	EndGlobalSection
	GlobalSection(ProjectConfigurationPlatforms) = postSolution
		{A13C7319-0E7F-47F3-9047-C631205CBFDC}.Debug|Any CPU.ActiveCfg = Debug|Any CPU
		{A13C7319-0E7F-47F3-9047-C631205CBFDC}.Debug|Any CPU.Build.0 = Debug|Any CPU
		{A13C7319-0E7F-47F3-9047-C631205CBFDC}.Release|Any CPU.ActiveCfg = Release|Any CPU
		{A13C7319-0E7F-47F3-9047-C631205CBFDC}.Release|Any CPU.Build.0 = Release|Any CPU
	EndGlobalSection
	GlobalSection(SolutionProperties) = preSolution
		HideSolutionNode = FALSE
	EndGlobalSection
	GlobalSection(ExtensibilityGlobals) = postSolution
		SolutionGuid = {919D9C80-9469-4F4F-977B-A7DB242B78A7}
	EndGlobalSection
EndGlobal
